
Microsoft Visual Studio Solution File, Format Version 12.00
# Visual Studio Version 16
VisualStudioVersion = 16.0.30611.23
MinimumVisualStudioVersion = 10.0.40219.1
Project("{FAE04EC0-301F-11D3-BF4B-00C04F79EFBC}") = "CodeFirstWithoutDataBase", "CodeFirstWithoutDataBase\CodeFirstWithoutDataBase.csproj", "{2B277EA6-8946-4009-9F86-1860CB465BDC}"
EndProject
Global
	GlobalSection(SolutionConfigurationPlatforms) = preSolution
		Debug|Any CPU = Debug|Any CPU
		Release|Any CPU = Release|Any CPU
	EndGlobalSection
	GlobalSection(ProjectConfigurationPlatforms) = postSolution
		{2B277EA6-8946-4009-9F86-1860CB465BDC}.Debug|Any CPU.ActiveCfg = Debug|Any CPU
		{2B277EA6-8946-4009-9F86-1860CB465BDC}.Debug|Any CPU.Build.0 = Debug|Any CPU
		{2B277EA6-8946-4009-9F86-1860CB465BDC}.Release|Any CPU.ActiveCfg = Release|Any CPU
		{2B277EA6-8946-4009-9F86-1860CB465BDC}.Release|Any CPU.Build.0 = Release|Any CPU
	EndGlobalSection
	GlobalSection(SolutionProperties) = preSolution
		HideSolutionNode = FALSE
	EndGlobalSection
	GlobalSection(ExtensibilityGlobals) = postSolution
		SolutionGuid = {A1B4C0A6-83D4-4728-A247-3502867971B9}
	EndGlobalSection
EndGlobal
