
Microsoft Visual Studio Solution File, Format Version 12.00
# Visual Studio Version 16
VisualStudioVersion = 16.0.30611.23
MinimumVisualStudioVersion = 10.0.40219.1
Project("{FAE04EC0-301F-11D3-BF4B-00C04F79EFBC}") = "CodeFirst", "CodeFirst\CodeFirst.csproj", "{FB565238-0799-4CB6-BA0C-FB6AF545C3B7}"
EndProject
Global
	GlobalSection(SolutionConfigurationPlatforms) = preSolution
		Debug|Any CPU = Debug|Any CPU
		Release|Any CPU = Release|Any CPU
	EndGlobalSection
	GlobalSection(ProjectConfigurationPlatforms) = postSolution
		{FB565238-0799-4CB6-BA0C-FB6AF545C3B7}.Debug|Any CPU.ActiveCfg = Debug|Any CPU
		{FB565238-0799-4CB6-BA0C-FB6AF545C3B7}.Debug|Any CPU.Build.0 = Debug|Any CPU
		{FB565238-0799-4CB6-BA0C-FB6AF545C3B7}.Release|Any CPU.ActiveCfg = Release|Any CPU
		{FB565238-0799-4CB6-BA0C-FB6AF545C3B7}.Release|Any CPU.Build.0 = Release|Any CPU
	EndGlobalSection
	GlobalSection(SolutionProperties) = preSolution
		HideSolutionNode = FALSE
	EndGlobalSection
	GlobalSection(ExtensibilityGlobals) = postSolution
		SolutionGuid = {68F1C7E1-FBC3-4E8A-A769-959A58C0299F}
	EndGlobalSection
EndGlobal
