
Microsoft Visual Studio Solution File, Format Version 12.00
# Visual Studio Version 16
VisualStudioVersion = 16.0.30611.23
MinimumVisualStudioVersion = 10.0.40219.1
Project("{FAE04EC0-301F-11D3-BF4B-00C04F79EFBC}") = "DBFirst", "DBFirst\DBFirst.csproj", "{117DB16D-378E-4518-9192-5F1ACFE92043}"
EndProject
Global
	GlobalSection(SolutionConfigurationPlatforms) = preSolution
		Debug|Any CPU = Debug|Any CPU
		Release|Any CPU = Release|Any CPU
	EndGlobalSection
	GlobalSection(ProjectConfigurationPlatforms) = postSolution
		{117DB16D-378E-4518-9192-5F1ACFE92043}.Debug|Any CPU.ActiveCfg = Debug|Any CPU
		{117DB16D-378E-4518-9192-5F1ACFE92043}.Debug|Any CPU.Build.0 = Debug|Any CPU
		{117DB16D-378E-4518-9192-5F1ACFE92043}.Release|Any CPU.ActiveCfg = Release|Any CPU
		{117DB16D-378E-4518-9192-5F1ACFE92043}.Release|Any CPU.Build.0 = Release|Any CPU
	EndGlobalSection
	GlobalSection(SolutionProperties) = preSolution
		HideSolutionNode = FALSE
	EndGlobalSection
	GlobalSection(ExtensibilityGlobals) = postSolution
		SolutionGuid = {7558E4F8-64A4-44A0-B437-A219160A5D83}
	EndGlobalSection
EndGlobal
